
Microsoft Visual Studio Solution File, Format Version 12.00
# Visual Studio Version 17
VisualStudioVersion = 17.5.33502.453
MinimumVisualStudioVersion = 10.0.40219.1
Project("{9A19103F-16F7-4668-BE54-9A1E7A4F7556}") = "GameProject", "GameProject\GameProject.csproj", "{D6E80C8E-E6BB-4875-8282-188166FA596C}"
EndProject
Global
	GlobalSection(SolutionConfigurationPlatforms) = preSolution
		Debug|Any CPU = Debug|Any CPU
		Release|Any CPU = Release|Any CPU
	EndGlobalSection
	GlobalSection(ProjectConfigurationPlatforms) = postSolution
		{D6E80C8E-E6BB-4875-8282-188166FA596C}.Debug|Any CPU.ActiveCfg = Debug|Any CPU
		{D6E80C8E-E6BB-4875-8282-188166FA596C}.Debug|Any CPU.Build.0 = Debug|Any CPU
		{D6E80C8E-E6BB-4875-8282-188166FA596C}.Release|Any CPU.ActiveCfg = Release|Any CPU
		{D6E80C8E-E6BB-4875-8282-188166FA596C}.Release|Any CPU.Build.0 = Release|Any CPU
	EndGlobalSection
	GlobalSection(SolutionProperties) = preSolution
		HideSolutionNode = FALSE
	EndGlobalSection
	GlobalSection(ExtensibilityGlobals) = postSolution
		SolutionGuid = {AC7A78E8-CA0B-4768-886B-6914DDF74189}
	EndGlobalSection
EndGlobal
